// !$*UTF8*$!
{
	archiveVersion = 1;
	classes = {
	};
	objectVersion = 55;
	objects = {

/* Begin PBXBuildFile section */
		142FB71C27955F0E00FD001D /* BannerView.m in Sources */ = {isa = PBXBuildFile; fileRef = 142FB71B27955F0E00FD001D /* BannerView.m */; };
		142FB71F2795682F00FD001D /* BannerCell.m in Sources */ = {isa = PBXBuildFile; fileRef = 142FB71E2795682F00FD001D /* BannerCell.m */; };
		142FB7222795C6C300FD001D /* NewsViewController.m in Sources */ = {isa = PBXBuildFile; fileRef = 142FB7212795C6C300FD001D /* NewsViewController.m */; };
		142FB7252795CD0B00FD001D /* SafeBarView.m in Sources */ = {isa = PBXBuildFile; fileRef = 142FB7242795CD0B00FD001D /* SafeBarView.m */; };
		145A0FBB279234A0001D1CA3 /* AppDelegate.m in Sources */ = {isa = PBXBuildFile; fileRef = 145A0FBA279234A0001D1CA3 /* AppDelegate.m */; };
		145A0FC1279234A0001D1CA3 /* ViewController.m in Sources */ = {isa = PBXBuildFile; fileRef = 145A0FC0279234A0001D1CA3 /* ViewController.m */; };
		145A0FC6279234A1001D1CA3 /* Assets.xcassets in Resources */ = {isa = PBXBuildFile; fileRef = 145A0FC5279234A1001D1CA3 /* Assets.xcassets */; };
		145A0FC9279234A1001D1CA3 /* LaunchScreen.storyboard in Resources */ = {isa = PBXBuildFile; fileRef = 145A0FC7279234A1001D1CA3 /* LaunchScreen.storyboard */; };
		145A0FCC279234A1001D1CA3 /* main.m in Sources */ = {isa = PBXBuildFile; fileRef = 145A0FCB279234A1001D1CA3 /* main.m */; };
		145A0FD7279238A1001D1CA3 /* MainViewController.m in Sources */ = {isa = PBXBuildFile; fileRef = 145A0FD6279238A1001D1CA3 /* MainViewController.m */; };
		145A0FDA27923F79001D1CA3 /* NetTool.m in Sources */ = {isa = PBXBuildFile; fileRef = 145A0FD927923F79001D1CA3 /* NetTool.m */; };
		145A0FDD279243E6001D1CA3 /* Story.m in Sources */ = {isa = PBXBuildFile; fileRef = 145A0FDC279243E6001D1CA3 /* Story.m */; };
		145A0FE02792C16C001D1CA3 /* DailyStories.m in Sources */ = {isa = PBXBuildFile; fileRef = 145A0FDF2792C16C001D1CA3 /* DailyStories.m */; };
		14922BDD2796901D00DA306A /* LoadViewController.m in Sources */ = {isa = PBXBuildFile; fileRef = 14922BDC2796901D00DA306A /* LoadViewController.m */; };
		149EA4E72792EE90009AC0A9 /* MainTableView.m in Sources */ = {isa = PBXBuildFile; fileRef = 149EA4E62792EE90009AC0A9 /* MainTableView.m */; };
		149EA4EA2792F11F009AC0A9 /* PageCell.m in Sources */ = {isa = PBXBuildFile; fileRef = 149EA4E92792F11F009AC0A9 /* PageCell.m */; };
		149EA4EC27930789009AC0A9 /* Main.xcassets in Resources */ = {isa = PBXBuildFile; fileRef = 149EA4EB27930789009AC0A9 /* Main.xcassets */; };
		14D77DB6279391C500C0B6D1 /* SourseStory.m in Sources */ = {isa = PBXBuildFile; fileRef = 14D77DB5279391C500C0B6D1 /* SourseStory.m */; };
		B1500D93FB7428CFCBD4C18A /* Pods_ZhiHu.framework in Frameworks */ = {isa = PBXBuildFile; fileRef = 46BC546A0C43B70F31023AF4 /* Pods_ZhiHu.framework */; };
/* End PBXBuildFile section */

/* Begin PBXFileReference section */
		13816A8DCD87EC58C446D512 /* Pods-ZhiHu.release.xcconfig */ = {isa = PBXFileReference; includeInIndex = 1; lastKnownFileType = text.xcconfig; name = "Pods-ZhiHu.release.xcconfig"; path = "Target Support Files/Pods-ZhiHu/Pods-ZhiHu.release.xcconfig"; sourceTree = "<group>"; };
		142FB71A27955F0E00FD001D /* BannerView.h */ = {isa = PBXFileReference; lastKnownFileType = sourcecode.c.h; path = BannerView.h; sourceTree = "<group>"; };
		142FB71B27955F0E00FD001D /* BannerView.m */ = {isa = PBXFileReference; lastKnownFileType = sourcecode.c.objc; path = BannerView.m; sourceTree = "<group>"; };
		142FB71D2795682F00FD001D /* BannerCell.h */ = {isa = PBXFileReference; lastKnownFileType = sourcecode.c.h; path = BannerCell.h; sourceTree = "<group>"; };
		142FB71E2795682F00FD001D /* BannerCell.m */ = {isa = PBXFileReference; lastKnownFileType = sourcecode.c.objc; path = BannerCell.m; sourceTree = "<group>"; };
		142FB7202795C6C300FD001D /* NewsViewController.h */ = {isa = PBXFileReference; lastKnownFileType = sourcecode.c.h; path = NewsViewController.h; sourceTree = "<group>"; };
		142FB7212795C6C300FD001D /* NewsViewController.m */ = {isa = PBXFileReference; lastKnownFileType = sourcecode.c.objc; path = NewsViewController.m; sourceTree = "<group>"; };
		142FB7232795CD0B00FD001D /* SafeBarView.h */ = {isa = PBXFileReference; lastKnownFileType = sourcecode.c.h; path = SafeBarView.h; sourceTree = "<group>"; };
		142FB7242795CD0B00FD001D /* SafeBarView.m */ = {isa = PBXFileReference; lastKnownFileType = sourcecode.c.objc; path = SafeBarView.m; sourceTree = "<group>"; };
		145A0FB6279234A0001D1CA3 /* ZhiHu.app */ = {isa = PBXFileReference; explicitFileType = wrapper.application; includeInIndex = 0; path = ZhiHu.app; sourceTree = BUILT_PRODUCTS_DIR; };
		145A0FB9279234A0001D1CA3 /* AppDelegate.h */ = {isa = PBXFileReference; lastKnownFileType = sourcecode.c.h; path = AppDelegate.h; sourceTree = "<group>"; };
		145A0FBA279234A0001D1CA3 /* AppDelegate.m */ = {isa = PBXFileReference; lastKnownFileType = sourcecode.c.objc; path = AppDelegate.m; sourceTree = "<group>"; };
		145A0FBF279234A0001D1CA3 /* ViewController.h */ = {isa = PBXFileReference; lastKnownFileType = sourcecode.c.h; path = ViewController.h; sourceTree = "<group>"; };
		145A0FC0279234A0001D1CA3 /* ViewController.m */ = {isa = PBXFileReference; lastKnownFileType = sourcecode.c.objc; path = ViewController.m; sourceTree = "<group>"; };
		145A0FC5279234A1001D1CA3 /* Assets.xcassets */ = {isa = PBXFileReference; lastKnownFileType = folder.assetcatalog; path = Assets.xcassets; sourceTree = "<group>"; };
		145A0FC8279234A1001D1CA3 /* Base */ = {isa = PBXFileReference; lastKnownFileType = file.storyboard; name = Base; path = Base.lproj/LaunchScreen.storyboard; sourceTree = "<group>"; };
		145A0FCA279234A1001D1CA3 /* Info.plist */ = {isa = PBXFileReference; lastKnownFileType = text.plist.xml; path = Info.plist; sourceTree = "<group>"; };
		145A0FCB279234A1001D1CA3 /* main.m */ = {isa = PBXFileReference; lastKnownFileType = sourcecode.c.objc; path = main.m; sourceTree = "<group>"; };
		145A0FD5279238A1001D1CA3 /* MainViewController.h */ = {isa = PBXFileReference; lastKnownFileType = sourcecode.c.h; path = MainViewController.h; sourceTree = "<group>"; };
		145A0FD6279238A1001D1CA3 /* MainViewController.m */ = {isa = PBXFileReference; lastKnownFileType = sourcecode.c.objc; path = MainViewController.m; sourceTree = "<group>"; };
		145A0FD827923F79001D1CA3 /* NetTool.h */ = {isa = PBXFileReference; lastKnownFileType = sourcecode.c.h; path = NetTool.h; sourceTree = "<group>"; };
		145A0FD927923F79001D1CA3 /* NetTool.m */ = {isa = PBXFileReference; lastKnownFileType = sourcecode.c.objc; path = NetTool.m; sourceTree = "<group>"; };
		145A0FDB279243E6001D1CA3 /* Story.h */ = {isa = PBXFileReference; lastKnownFileType = sourcecode.c.h; path = Story.h; sourceTree = "<group>"; };
		145A0FDC279243E6001D1CA3 /* Story.m */ = {isa = PBXFileReference; lastKnownFileType = sourcecode.c.objc; path = Story.m; sourceTree = "<group>"; };
		145A0FDE2792C16C001D1CA3 /* DailyStories.h */ = {isa = PBXFileReference; lastKnownFileType = sourcecode.c.h; path = DailyStories.h; sourceTree = "<group>"; };
		145A0FDF2792C16C001D1CA3 /* DailyStories.m */ = {isa = PBXFileReference; lastKnownFileType = sourcecode.c.objc; path = DailyStories.m; sourceTree = "<group>"; };
		14922BDB2796901D00DA306A /* LoadViewController.h */ = {isa = PBXFileReference; lastKnownFileType = sourcecode.c.h; path = LoadViewController.h; sourceTree = "<group>"; };
		14922BDC2796901D00DA306A /* LoadViewController.m */ = {isa = PBXFileReference; lastKnownFileType = sourcecode.c.objc; path = LoadViewController.m; sourceTree = "<group>"; };
		149EA4E52792EE90009AC0A9 /* MainTableView.h */ = {isa = PBXFileReference; lastKnownFileType = sourcecode.c.h; path = MainTableView.h; sourceTree = "<group>"; };
		149EA4E62792EE90009AC0A9 /* MainTableView.m */ = {isa = PBXFileReference; lastKnownFileType = sourcecode.c.objc; path = MainTableView.m; sourceTree = "<group>"; };
		149EA4E82792F11F009AC0A9 /* PageCell.h */ = {isa = PBXFileReference; lastKnownFileType = sourcecode.c.h; path = PageCell.h; sourceTree = "<group>"; };
		149EA4E92792F11F009AC0A9 /* PageCell.m */ = {isa = PBXFileReference; lastKnownFileType = sourcecode.c.objc; path = PageCell.m; sourceTree = "<group>"; };
		149EA4EB27930789009AC0A9 /* Main.xcassets */ = {isa = PBXFileReference; lastKnownFileType = folder.assetcatalog; path = Main.xcassets; sourceTree = "<group>"; };
		14D77DB4279391C500C0B6D1 /* SourseStory.h */ = {isa = PBXFileReference; lastKnownFileType = sourcecode.c.h; path = SourseStory.h; sourceTree = "<group>"; };
		14D77DB5279391C500C0B6D1 /* SourseStory.m */ = {isa = PBXFileReference; lastKnownFileType = sourcecode.c.objc; path = SourseStory.m; sourceTree = "<group>"; };
		46BC546A0C43B70F31023AF4 /* Pods_ZhiHu.framework */ = {isa = PBXFileReference; explicitFileType = wrapper.framework; includeInIndex = 0; path = Pods_ZhiHu.framework; sourceTree = BUILT_PRODUCTS_DIR; };
		9B9F5C71A72BFB3379CDEC25 /* Pods-ZhiHu.debug.xcconfig */ = {isa = PBXFileReference; includeInIndex = 1; lastKnownFileType = text.xcconfig; name = "Pods-ZhiHu.debug.xcconfig"; path = "Target Support Files/Pods-ZhiHu/Pods-ZhiHu.debug.xcconfig"; sourceTree = "<group>"; };
/* End PBXFileReference section */

/* Begin PBXFrameworksBuildPhase section */
		145A0FB3279234A0001D1CA3 /* Frameworks */ = {
			isa = PBXFrameworksBuildPhase;
			buildActionMask = 2147483647;
			files = (
				B1500D93FB7428CFCBD4C18A /* Pods_ZhiHu.framework in Frameworks */,
			);
			runOnlyForDeploymentPostprocessing = 0;
		};
/* End PBXFrameworksBuildPhase section */

/* Begin PBXGroup section */
		142FB7262795D01B00FD001D /* NetTool */ = {
			isa = PBXGroup;
			children = (
				145A0FD827923F79001D1CA3 /* NetTool.h */,
				145A0FD927923F79001D1CA3 /* NetTool.m */,
			);
			path = NetTool;
			sourceTree = "<group>";
		};
		142FB7272795D03200FD001D /* StoryModel */ = {
			isa = PBXGroup;
			children = (
				145A0FDB279243E6001D1CA3 /* Story.h */,
				145A0FDC279243E6001D1CA3 /* Story.m */,
			);
			path = StoryModel;
			sourceTree = "<group>";
		};
		142FB7282795D03F00FD001D /* DailyStoriesModel */ = {
			isa = PBXGroup;
			children = (
				145A0FDE2792C16C001D1CA3 /* DailyStories.h */,
				145A0FDF2792C16C001D1CA3 /* DailyStories.m */,
				142FB7272795D03200FD001D /* StoryModel */,
			);
			path = DailyStoriesModel;
			sourceTree = "<group>";
		};
		142FB7292795D05400FD001D /* Model */ = {
			isa = PBXGroup;
			children = (
				14D77DB4279391C500C0B6D1 /* SourseStory.h */,
				14D77DB5279391C500C0B6D1 /* SourseStory.m */,
				142FB7282795D03F00FD001D /* DailyStoriesModel */,
			);
			path = Model;
			sourceTree = "<group>";
		};
		142FB72B2795D0B600FD001D /* PageCellView */ = {
			isa = PBXGroup;
			children = (
				149EA4E82792F11F009AC0A9 /* PageCell.h */,
				149EA4E92792F11F009AC0A9 /* PageCell.m */,
			);
			path = PageCellView;
			sourceTree = "<group>";
		};
		142FB72C2795D0D100FD001D /* MainView */ = {
			isa = PBXGroup;
			children = (
				149EA4E52792EE90009AC0A9 /* MainTableView.h */,
				149EA4E62792EE90009AC0A9 /* MainTableView.m */,
				142FB72B2795D0B600FD001D /* PageCellView */,
			);
			path = MainView;
			sourceTree = "<group>";
		};
		142FB72D2795D0DC00FD001D /* SafeBarView */ = {
			isa = PBXGroup;
			children = (
				142FB7232795CD0B00FD001D /* SafeBarView.h */,
				142FB7242795CD0B00FD001D /* SafeBarView.m */,
			);
			path = SafeBarView;
			sourceTree = "<group>";
		};
		142FB72E2795D0EF00FD001D /* ViewController */ = {
			isa = PBXGroup;
			children = (
				145A0FD5279238A1001D1CA3 /* MainViewController.h */,
				145A0FD6279238A1001D1CA3 /* MainViewController.m */,
			);
			path = ViewController;
			sourceTree = "<group>";
		};
		142FB72F2795D12F00FD001D /* BannerCellView *** */ = {
			isa = PBXGroup;
			children = (
				142FB71D2795682F00FD001D /* BannerCell.h */,
				142FB71E2795682F00FD001D /* BannerCell.m */,
			);
			path = "BannerCellView ***";
			sourceTree = "<group>";
		};
		142FB7312795D18600FD001D /* BannerView *** */ = {
			isa = PBXGroup;
			children = (
				142FB71A27955F0E00FD001D /* BannerView.h */,
				142FB71B27955F0E00FD001D /* BannerView.m */,
				142FB72F2795D12F00FD001D /* BannerCellView *** */,
			);
			path = "BannerView ***";
			sourceTree = "<group>";
		};
		142FB7322795D20F00FD001D /* View */ = {
			isa = PBXGroup;
			children = (
				142FB72D2795D0DC00FD001D /* SafeBarView */,
				142FB7312795D18600FD001D /* BannerView *** */,
				142FB72C2795D0D100FD001D /* MainView */,
				149EA4EB27930789009AC0A9 /* Main.xcassets */,
			);
			path = View;
			sourceTree = "<group>";
		};
		142FB7332795D23900FD001D /* ViewControllerManager */ = {
			isa = PBXGroup;
			children = (
				145A0FBF279234A0001D1CA3 /* ViewController.h */,
				145A0FC0279234A0001D1CA3 /* ViewController.m */,
			);
			path = ViewControllerManager;
			sourceTree = "<group>";
		};
		142FB7342795D24F00FD001D /* Main Mudular */ = {
			isa = PBXGroup;
			children = (
				142FB72E2795D0EF00FD001D /* ViewController */,
				142FB7322795D20F00FD001D /* View */,
				142FB7292795D05400FD001D /* Model */,
			);
			path = "Main Mudular";
			sourceTree = "<group>";
		};
		145A0FAD279234A0001D1CA3 = {
			isa = PBXGroup;
			children = (
				145A0FB8279234A0001D1CA3 /* ZhiHu */,
				145A0FB7279234A0001D1CA3 /* Products */,
				A3CF346CF81C155FC07FE6E0 /* Pods */,
				D415202F53B622AEE878793C /* Frameworks */,
			);
			sourceTree = "<group>";
		};
		145A0FB7279234A0001D1CA3 /* Products */ = {
			isa = PBXGroup;
			children = (
				145A0FB6279234A0001D1CA3 /* ZhiHu.app */,
			);
			name = Products;
			sourceTree = "<group>";
		};
		145A0FB8279234A0001D1CA3 /* ZhiHu */ = {
			isa = PBXGroup;
			children = (
				145A0FB9279234A0001D1CA3 /* AppDelegate.h */,
				145A0FBA279234A0001D1CA3 /* AppDelegate.m */,
				142FB7332795D23900FD001D /* ViewControllerManager */,
				142FB7342795D24F00FD001D /* Main Mudular */,
				142FB7202795C6C300FD001D /* NewsViewController.h */,
				142FB7212795C6C300FD001D /* NewsViewController.m */,
				14922BDB2796901D00DA306A /* LoadViewController.h */,
				14922BDC2796901D00DA306A /* LoadViewController.m */,
				142FB7262795D01B00FD001D /* NetTool */,
				145A0FC5279234A1001D1CA3 /* Assets.xcassets */,
				145A0FC7279234A1001D1CA3 /* LaunchScreen.storyboard */,
				145A0FCA279234A1001D1CA3 /* Info.plist */,
				145A0FCB279234A1001D1CA3 /* main.m */,
			);
			path = ZhiHu;
			sourceTree = "<group>";
		};
		A3CF346CF81C155FC07FE6E0 /* Pods */ = {
			isa = PBXGroup;
			children = (
				9B9F5C71A72BFB3379CDEC25 /* Pods-ZhiHu.debug.xcconfig */,
				13816A8DCD87EC58C446D512 /* Pods-ZhiHu.release.xcconfig */,
			);
			path = Pods;
			sourceTree = "<group>";
		};
		D415202F53B622AEE878793C /* Frameworks */ = {
			isa = PBXGroup;
			children = (
				46BC546A0C43B70F31023AF4 /* Pods_ZhiHu.framework */,
			);
			name = Frameworks;
			sourceTree = "<group>";
		};
/* End PBXGroup section */

/* Begin PBXNativeTarget section */
		145A0FB5279234A0001D1CA3 /* ZhiHu */ = {
			isa = PBXNativeTarget;
			buildConfigurationList = 145A0FCF279234A1001D1CA3 /* Build configuration list for PBXNativeTarget "ZhiHu" */;
			buildPhases = (
				91AA0C60F4F6E4B5710E971A /* [CP] Check Pods Manifest.lock */,
				145A0FB2279234A0001D1CA3 /* Sources */,
				145A0FB3279234A0001D1CA3 /* Frameworks */,
				145A0FB4279234A0001D1CA3 /* Resources */,
				2E5D14D5F90668E20C7ACCD4 /* [CP] Embed Pods Frameworks */,
			);
			buildRules = (
			);
			dependencies = (
			);
			name = ZhiHu;
			productName = ZhiHu;
			productReference = 145A0FB6279234A0001D1CA3 /* ZhiHu.app */;
			productType = "com.apple.product-type.application";
		};
/* End PBXNativeTarget section */

/* Begin PBXProject section */
		145A0FAE279234A0001D1CA3 /* Project object */ = {
			isa = PBXProject;
			attributes = {
				BuildIndependentTargetsInParallel = 1;
				LastUpgradeCheck = 1320;
				TargetAttributes = {
					145A0FB5279234A0001D1CA3 = {
						CreatedOnToolsVersion = 13.2.1;
					};
				};
			};
			buildConfigurationList = 145A0FB1279234A0001D1CA3 /* Build configuration list for PBXProject "ZhiHu" */;
			compatibilityVersion = "Xcode 13.0";
			developmentRegion = en;
			hasScannedForEncodings = 0;
			knownRegions = (
				en,
				Base,
			);
			mainGroup = 145A0FAD279234A0001D1CA3;
			productRefGroup = 145A0FB7279234A0001D1CA3 /* Products */;
			projectDirPath = "";
			projectRoot = "";
			targets = (
				145A0FB5279234A0001D1CA3 /* ZhiHu */,
			);
		};
/* End PBXProject section */

/* Begin PBXResourcesBuildPhase section */
		145A0FB4279234A0001D1CA3 /* Resources */ = {
			isa = PBXResourcesBuildPhase;
			buildActionMask = 2147483647;
			files = (
				145A0FC9279234A1001D1CA3 /* LaunchScreen.storyboard in Resources */,
				149EA4EC27930789009AC0A9 /* Main.xcassets in Resources */,
				145A0FC6279234A1001D1CA3 /* Assets.xcassets in Resources */,
			);
			runOnlyForDeploymentPostprocessing = 0;
		};
/* End PBXResourcesBuildPhase section */

/* Begin PBXShellScriptBuildPhase section */
		2E5D14D5F90668E20C7ACCD4 /* [CP] Embed Pods Frameworks */ = {
			isa = PBXShellScriptBuildPhase;
			buildActionMask = 2147483647;
			files = (
			);
			inputFileListPaths = (
				"${PODS_ROOT}/Target Support Files/Pods-ZhiHu/Pods-ZhiHu-frameworks-${CONFIGURATION}-input-files.xcfilelist",
			);
			name = "[CP] Embed Pods Frameworks";
			outputFileListPaths = (
				"${PODS_ROOT}/Target Support Files/Pods-ZhiHu/Pods-ZhiHu-frameworks-${CONFIGURATION}-output-files.xcfilelist",
			);
			runOnlyForDeploymentPostprocessing = 0;
			shellPath = /bin/sh;
			shellScript = "\"${PODS_ROOT}/Target Support Files/Pods-ZhiHu/Pods-ZhiHu-frameworks.sh\"\n";
			showEnvVarsInLog = 0;
		};
		91AA0C60F4F6E4B5710E971A /* [CP] Check Pods Manifest.lock */ = {
			isa = PBXShellScriptBuildPhase;
			buildActionMask = 2147483647;
			files = (
			);
			inputFileListPaths = (
			);
			inputPaths = (
				"${PODS_PODFILE_DIR_PATH}/Podfile.lock",
				"${PODS_ROOT}/Manifest.lock",
			);
			name = "[CP] Check Pods Manifest.lock";
			outputFileListPaths = (
			);
			outputPaths = (
				"$(DERIVED_FILE_DIR)/Pods-ZhiHu-checkManifestLockResult.txt",
			);
			runOnlyForDeploymentPostprocessing = 0;
			shellPath = /bin/sh;
			shellScript = "diff \"${PODS_PODFILE_DIR_PATH}/Podfile.lock\" \"${PODS_ROOT}/Manifest.lock\" > /dev/null\nif [ $? != 0 ] ; then\n    # print error to STDERR\n    echo \"error: The sandbox is not in sync with the Podfile.lock. Run 'pod install' or update your CocoaPods installation.\" >&2\n    exit 1\nfi\n# This output is used by Xcode 'outputs' to avoid re-running this script phase.\necho \"SUCCESS\" > \"${SCRIPT_OUTPUT_FILE_0}\"\n";
			showEnvVarsInLog = 0;
		};
/* End PBXShellScriptBuildPhase section */

/* Begin PBXSourcesBuildPhase section */
		145A0FB2279234A0001D1CA3 /* Sources */ = {
			isa = PBXSourcesBuildPhase;
			buildActionMask = 2147483647;
			files = (
				145A0FE02792C16C001D1CA3 /* DailyStories.m in Sources */,
				142FB7252795CD0B00FD001D /* SafeBarView.m in Sources */,
				145A0FC1279234A0001D1CA3 /* ViewController.m in Sources */,
				149EA4E72792EE90009AC0A9 /* MainTableView.m in Sources */,
				145A0FDA27923F79001D1CA3 /* NetTool.m in Sources */,
				142FB71C27955F0E00FD001D /* BannerView.m in Sources */,
				142FB71F2795682F00FD001D /* BannerCell.m in Sources */,
				142FB7222795C6C300FD001D /* NewsViewController.m in Sources */,
				149EA4EA2792F11F009AC0A9 /* PageCell.m in Sources */,
				145A0FBB279234A0001D1CA3 /* AppDelegate.m in Sources */,
				14D77DB6279391C500C0B6D1 /* SourseStory.m in Sources */,
				145A0FDD279243E6001D1CA3 /* Story.m in Sources */,
				145A0FCC279234A1001D1CA3 /* main.m in Sources */,
				14922BDD2796901D00DA306A /* LoadViewController.m in Sources */,
				145A0FD7279238A1001D1CA3 /* MainViewController.m in Sources */,
			);
			runOnlyForDeploymentPostprocessing = 0;
		};
/* End PBXSourcesBuildPhase section */

/* Begin PBXVariantGroup section */
		145A0FC7279234A1001D1CA3 /* LaunchScreen.storyboard */ = {
			isa = PBXVariantGroup;
			children = (
				145A0FC8279234A1001D1CA3 /* Base */,
			);
			name = LaunchScreen.storyboard;
			sourceTree = "<group>";
		};
/* End PBXVariantGroup section */

/* Begin XCBuildConfiguration section */
		145A0FCD279234A1001D1CA3 /* Debug */ = {
			isa = XCBuildConfiguration;
			baseConfigurationReference = 13816A8DCD87EC58C446D512 /* Pods-ZhiHu.release.xcconfig */;
			buildSettings = {
				ALWAYS_SEARCH_USER_PATHS = NO;
				CLANG_ANALYZER_NONNULL = YES;
				CLANG_ANALYZER_NUMBER_OBJECT_CONVERSION = YES_AGGRESSIVE;
				CLANG_CXX_LANGUAGE_STANDARD = "gnu++17";
				CLANG_CXX_LIBRARY = "libc++";
				CLANG_ENABLE_MODULES = YES;
				CLANG_ENABLE_OBJC_ARC = YES;
				CLANG_ENABLE_OBJC_WEAK = YES;
				CLANG_WARN_BLOCK_CAPTURE_AUTORELEASING = YES;
				CLANG_WARN_BOOL_CONVERSION = YES;
				CLANG_WARN_COMMA = YES;
				CLANG_WARN_CONSTANT_CONVERSION = YES;
				CLANG_WARN_DEPRECATED_OBJC_IMPLEMENTATIONS = YES;
				CLANG_WARN_DIRECT_OBJC_ISA_USAGE = YES_ERROR;
				CLANG_WARN_DOCUMENTATION_COMMENTS = YES;
				CLANG_WARN_EMPTY_BODY = YES;
				CLANG_WARN_ENUM_CONVERSION = YES;
				CLANG_WARN_INFINITE_RECURSION = YES;
				CLANG_WARN_INT_CONVERSION = YES;
				CLANG_WARN_NON_LITERAL_NULL_CONVERSION = YES;
				CLANG_WARN_OBJC_IMPLICIT_RETAIN_SELF = YES;
				CLANG_WARN_OBJC_LITERAL_CONVERSION = YES;
				CLANG_WARN_OBJC_ROOT_CLASS = YES_ERROR;
				CLANG_WARN_QUOTED_INCLUDE_IN_FRAMEWORK_HEADER = YES;
				CLANG_WARN_RANGE_LOOP_ANALYSIS = YES;
				CLANG_WARN_STRICT_PROTOTYPES = YES;
				CLANG_WARN_SUSPICIOUS_MOVE = YES;
				CLANG_WARN_UNGUARDED_AVAILABILITY = YES_AGGRESSIVE;
				CLANG_WARN_UNREACHABLE_CODE = YES;
				CLANG_WARN__DUPLICATE_METHOD_MATCH = YES;
				COPY_PHASE_STRIP = NO;
				DEBUG_INFORMATION_FORMAT = dwarf;
				ENABLE_STRICT_OBJC_MSGSEND = YES;
				ENABLE_TESTABILITY = YES;
				GCC_C_LANGUAGE_STANDARD = gnu11;
				GCC_DYNAMIC_NO_PIC = NO;
				GCC_NO_COMMON_BLOCKS = YES;
				GCC_OPTIMIZATION_LEVEL = 0;
				GCC_PREPROCESSOR_DEFINITIONS = (
					"DEBUG=1",
					"$(inherited)",
				);
				GCC_WARN_64_TO_32_BIT_CONVERSION = YES;
				GCC_WARN_ABOUT_RETURN_TYPE = YES_ERROR;
				GCC_WARN_UNDECLARED_SELECTOR = YES;
				GCC_WARN_UNINITIALIZED_AUTOS = YES_AGGRESSIVE;
				GCC_WARN_UNUSED_FUNCTION = YES;
				GCC_WARN_UNUSED_VARIABLE = YES;
				IPHONEOS_DEPLOYMENT_TARGET = 11.0;
				MTL_ENABLE_DEBUG_INFO = INCLUDE_SOURCE;
				MTL_FAST_MATH = YES;
				ONLY_ACTIVE_ARCH = YES;
				SDKROOT = iphoneos;
			};
			name = Debug;
		};
		145A0FCE279234A1001D1CA3 /* Release */ = {
			isa = XCBuildConfiguration;
			baseConfigurationReference = 13816A8DCD87EC58C446D512 /* Pods-ZhiHu.release.xcconfig */;
			buildSettings = {
				ALWAYS_SEARCH_USER_PATHS = NO;
				CLANG_ANALYZER_NONNULL = YES;
				CLANG_ANALYZER_NUMBER_OBJECT_CONVERSION = YES_AGGRESSIVE;
				CLANG_CXX_LANGUAGE_STANDARD = "gnu++17";
				CLANG_CXX_LIBRARY = "libc++";
				CLANG_ENABLE_MODULES = YES;
				CLANG_ENABLE_OBJC_ARC = YES;
				CLANG_ENABLE_OBJC_WEAK = YES;
				CLANG_WARN_BLOCK_CAPTURE_AUTORELEASING = YES;
				CLANG_WARN_BOOL_CONVERSION = YES;
				CLANG_WARN_COMMA = YES;
				CLANG_WARN_CONSTANT_CONVERSION = YES;
				CLANG_WARN_DEPRECATED_OBJC_IMPLEMENTATIONS = YES;
				CLANG_WARN_DIRECT_OBJC_ISA_USAGE = YES_ERROR;
				CLANG_WARN_DOCUMENTATION_COMMENTS = YES;
				CLANG_WARN_EMPTY_BODY = YES;
				CLANG_WARN_ENUM_CONVERSION = YES;
				CLANG_WARN_INFINITE_RECURSION = YES;
				CLANG_WARN_INT_CONVERSION = YES;
				CLANG_WARN_NON_LITERAL_NULL_CONVERSION = YES;
				CLANG_WARN_OBJC_IMPLICIT_RETAIN_SELF = YES;
				CLANG_WARN_OBJC_LITERAL_CONVERSION = YES;
				CLANG_WARN_OBJC_ROOT_CLASS = YES_ERROR;
				CLANG_WARN_QUOTED_INCLUDE_IN_FRAMEWORK_HEADER = YES;
				CLANG_WARN_RANGE_LOOP_ANALYSIS = YES;
				CLANG_WARN_STRICT_PROTOTYPES = YES;
				CLANG_WARN_SUSPICIOUS_MOVE = YES;
				CLANG_WARN_UNGUARDED_AVAILABILITY = YES_AGGRESSIVE;
				CLANG_WARN_UNREACHABLE_CODE = YES;
				CLANG_WARN__DUPLICATE_METHOD_MATCH = YES;
				COPY_PHASE_STRIP = NO;
				DEBUG_INFORMATION_FORMAT = "dwarf-with-dsym";
				ENABLE_NS_ASSERTIONS = NO;
				ENABLE_STRICT_OBJC_MSGSEND = YES;
				GCC_C_LANGUAGE_STANDARD = gnu11;
				GCC_NO_COMMON_BLOCKS = YES;
				GCC_WARN_64_TO_32_BIT_CONVERSION = YES;
				GCC_WARN_ABOUT_RETURN_TYPE = YES_ERROR;
				GCC_WARN_UNDECLARED_SELECTOR = YES;
				GCC_WARN_UNINITIALIZED_AUTOS = YES_AGGRESSIVE;
				GCC_WARN_UNUSED_FUNCTION = YES;
				GCC_WARN_UNUSED_VARIABLE = YES;
				IPHONEOS_DEPLOYMENT_TARGET = 11.0;
				MTL_ENABLE_DEBUG_INFO = NO;
				MTL_FAST_MATH = YES;
				ONLY_ACTIVE_ARCH = YES;
				SDKROOT = iphoneos;
				VALIDATE_PRODUCT = YES;
			};
			name = Release;
		};
		145A0FD0279234A1001D1CA3 /* Debug */ = {
			isa = XCBuildConfiguration;
			baseConfigurationReference = 13816A8DCD87EC58C446D512 /* Pods-ZhiHu.release.xcconfig */;
			buildSettings = {
				ASSETCATALOG_COMPILER_APPICON_NAME = AppIcon;
				ASSETCATALOG_COMPILER_GLOBAL_ACCENT_COLOR_NAME = AccentColor;
				CODE_SIGN_STYLE = Automatic;
				CURRENT_PROJECT_VERSION = 1;
				GENERATE_INFOPLIST_FILE = YES;
				INFOPLIST_FILE = ZhiHu/Info.plist;
				INFOPLIST_KEY_CFBundleDisplayName = ZhiHu;
				INFOPLIST_KEY_UIApplicationSupportsIndirectInputEvents = YES;
				INFOPLIST_KEY_UILaunchStoryboardName = LaunchScreen;
				INFOPLIST_KEY_UISupportedInterfaceOrientations_iPad = "UIInterfaceOrientationPortrait UIInterfaceOrientationPortraitUpsideDown UIInterfaceOrientationLandscapeLeft UIInterfaceOrientationLandscapeRight";
				INFOPLIST_KEY_UISupportedInterfaceOrientations_iPhone = "UIInterfaceOrientationPortrait UIInterfaceOrientationLandscapeLeft UIInterfaceOrientationLandscapeRight";
				LD_RUNPATH_SEARCH_PATHS = (
					"$(inherited)",
					"@executable_path/Frameworks",
				);
				MARKETING_VERSION = 1.0;
				PRODUCT_BUNDLE_IDENTIFIER = SSR.ZhiHu;
				PRODUCT_NAME = "$(TARGET_NAME)";
				SWIFT_EMIT_LOC_STRINGS = YES;
				TARGETED_DEVICE_FAMILY = "1,2";
			};
			name = Debug;
		};
		145A0FD1279234A1001D1CA3 /* Release */ = {
			isa = XCBuildConfiguration;
			baseConfigurationReference = 13816A8DCD87EC58C446D512 /* Pods-ZhiHu.release.xcconfig */;
			buildSettings = {
				ASSETCATALOG_COMPILER_APPICON_NAME = AppIcon;
				ASSETCATALOG_COMPILER_GLOBAL_ACCENT_COLOR_NAME = AccentColor;
				CODE_SIGN_STYLE = Automatic;
				CURRENT_PROJECT_VERSION = 1;
				GENERATE_INFOPLIST_FILE = YES;
				INFOPLIST_FILE = ZhiHu/Info.plist;
				INFOPLIST_KEY_CFBundleDisplayName = ZhiHu;
				INFOPLIST_KEY_UIApplicationSupportsIndirectInputEvents = YES;
				INFOPLIST_KEY_UILaunchStoryboardName = LaunchScreen;
				INFOPLIST_KEY_UISupportedInterfaceOrientations_iPad = "UIInterfaceOrientationPortrait UIInterfaceOrientationPortraitUpsideDown UIInterfaceOrientationLandscapeLeft UIInterfaceOrientationLandscapeRight";
				INFOPLIST_KEY_UISupportedInterfaceOrientations_iPhone = "UIInterfaceOrientationPortrait UIInterfaceOrientationLandscapeLeft UIInterfaceOrientationLandscapeRight";
				LD_RUNPATH_SEARCH_PATHS = (
					"$(inherited)",
					"@executable_path/Frameworks",
				);
				MARKETING_VERSION = 1.0;
				PRODUCT_BUNDLE_IDENTIFIER = SSR.ZhiHu;
				PRODUCT_NAME = "$(TARGET_NAME)";
				SWIFT_EMIT_LOC_STRINGS = YES;
				TARGETED_DEVICE_FAMILY = "1,2";
			};
			name = Release;
		};
/* End XCBuildConfiguration section */

/* Begin XCConfigurationList section */
		145A0FB1279234A0001D1CA3 /* Build configuration list for PBXProject "ZhiHu" */ = {
			isa = XCConfigurationList;
			buildConfigurations = (
				145A0FCD279234A1001D1CA3 /* Debug */,
				145A0FCE279234A1001D1CA3 /* Release */,
			);
			defaultConfigurationIsVisible = 0;
			defaultConfigurationName = Release;
		};
		145A0FCF279234A1001D1CA3 /* Build configuration list for PBXNativeTarget "ZhiHu" */ = {
			isa = XCConfigurationList;
			buildConfigurations = (
				145A0FD0279234A1001D1CA3 /* Debug */,
				145A0FD1279234A1001D1CA3 /* Release */,
			);
			defaultConfigurationIsVisible = 0;
			defaultConfigurationName = Release;
		};
/* End XCConfigurationList section */
	};
	rootObject = 145A0FAE279234A0001D1CA3 /* Project object */;
}
